
Microsoft Visual Studio Solution File, Format Version 12.00
# Visual Studio Version 16
VisualStudioVersion = 16.0.32510.428
MinimumVisualStudioVersion = 10.0.40219.1
Project("{FAE04EC0-301F-11D3-BF4B-00C04F79EFBC}") = "WebApplication1", "WebApplication1\WebApplication1.csproj", "{D93BABF6-A5FF-4405-A7DD-73A4D3122B71}"
EndProject
Global
	GlobalSection(SolutionConfigurationPlatforms) = preSolution
		Debug|Any CPU = Debug|Any CPU
		Release|Any CPU = Release|Any CPU
	EndGlobalSection
	GlobalSection(ProjectConfigurationPlatforms) = postSolution
		{D93BABF6-A5FF-4405-A7DD-73A4D3122B71}.Debug|Any CPU.ActiveCfg = Debug|Any CPU
		{D93BABF6-A5FF-4405-A7DD-73A4D3122B71}.Debug|Any CPU.Build.0 = Debug|Any CPU
		{D93BABF6-A5FF-4405-A7DD-73A4D3122B71}.Release|Any CPU.ActiveCfg = Release|Any CPU
		{D93BABF6-A5FF-4405-A7DD-73A4D3122B71}.Release|Any CPU.Build.0 = Release|Any CPU
	EndGlobalSection
	GlobalSection(SolutionProperties) = preSolution
		HideSolutionNode = FALSE
	EndGlobalSection
	GlobalSection(ExtensibilityGlobals) = postSolution
		SolutionGuid = {040A28D2-85FB-4904-A169-62502612CF5B}
	EndGlobalSection
EndGlobal
